
Microsoft Visual Studio Solution File, Format Version 12.00
# Visual Studio 15
VisualStudioVersion = 15.0.28010.2048
MinimumVisualStudioVersion = 10.0.40219.1
Project("{9A19103F-16F7-4668-BE54-9A1E7A4F7556}") = "ChessBookStore.web", "ChessBookStore.web\ChessBookStore.web.csproj", "{6EB34A95-5392-4B0E-A26C-1862F1756DAA}"
EndProject
Global
	GlobalSection(SolutionConfigurationPlatforms) = preSolution
		Debug|Any CPU = Debug|Any CPU
		Release|Any CPU = Release|Any CPU
	EndGlobalSection
	GlobalSection(ProjectConfigurationPlatforms) = postSolution
		{6EB34A95-5392-4B0E-A26C-1862F1756DAA}.Debug|Any CPU.ActiveCfg = Debug|Any CPU
		{6EB34A95-5392-4B0E-A26C-1862F1756DAA}.Debug|Any CPU.Build.0 = Debug|Any CPU
		{6EB34A95-5392-4B0E-A26C-1862F1756DAA}.Release|Any CPU.ActiveCfg = Release|Any CPU
		{6EB34A95-5392-4B0E-A26C-1862F1756DAA}.Release|Any CPU.Build.0 = Release|Any CPU
	EndGlobalSection
	GlobalSection(SolutionProperties) = preSolution
		HideSolutionNode = FALSE
	EndGlobalSection
	GlobalSection(ExtensibilityGlobals) = postSolution
		SolutionGuid = {547794EC-CC1D-4337-9231-869ADB3C6E99}
	EndGlobalSection
EndGlobal
